
Microsoft Visual Studio Solution File, Format Version 12.00
# Visual Studio 2013
VisualStudioVersion = 12.0.21005.1
MinimumVisualStudioVersion = 10.0.40219.1
Project("{FAE04EC0-301F-11D3-BF4B-00C04F79EFBC}") = "PortfolioWebsite", "PortfolioWebsite\PortfolioWebsite.csproj", "{D047514D-57AA-4D69-B449-AB1D8ACCBAD5}"
EndProject
Project("{FAE04EC0-301F-11D3-BF4B-00C04F79EFBC}") = "DataAccess", "DataAccess\DataAccess.csproj", "{12830493-8E48-48C7-B0D0-86ED4B7CE688}"
EndProject
Global
	GlobalSection(SolutionConfigurationPlatforms) = preSolution
		Debug|Any CPU = Debug|Any CPU
		Release|Any CPU = Release|Any CPU
	EndGlobalSection
	GlobalSection(ProjectConfigurationPlatforms) = postSolution
		{D047514D-57AA-4D69-B449-AB1D8ACCBAD5}.Debug|Any CPU.ActiveCfg = Debug|Any CPU
		{D047514D-57AA-4D69-B449-AB1D8ACCBAD5}.Debug|Any CPU.Build.0 = Debug|Any CPU
		{D047514D-57AA-4D69-B449-AB1D8ACCBAD5}.Release|Any CPU.ActiveCfg = Release|Any CPU
		{D047514D-57AA-4D69-B449-AB1D8ACCBAD5}.Release|Any CPU.Build.0 = Release|Any CPU
		{12830493-8E48-48C7-B0D0-86ED4B7CE688}.Debug|Any CPU.ActiveCfg = Debug|Any CPU
		{12830493-8E48-48C7-B0D0-86ED4B7CE688}.Debug|Any CPU.Build.0 = Debug|Any CPU
		{12830493-8E48-48C7-B0D0-86ED4B7CE688}.Release|Any CPU.ActiveCfg = Release|Any CPU
		{12830493-8E48-48C7-B0D0-86ED4B7CE688}.Release|Any CPU.Build.0 = Release|Any CPU
	EndGlobalSection
	GlobalSection(SolutionProperties) = preSolution
		HideSolutionNode = FALSE
	EndGlobalSection
EndGlobal
